PODS:
  - Mapbox-iOS-SDK (4.10.0)
  - YouTubePlayer (0.4.0)

DEPENDENCIES:
  - Mapbox-iOS-SDK (~> 4.10)
  - YouTubePlayer

SPEC REPOS:
  https://github.com/cocoapods/specs.git:
    - Mapbox-iOS-SDK
    - YouTubePlayer

SPEC CHECKSUMS:
  Mapbox-iOS-SDK: 8b1b777de7de373cdf000994c91af101ef886477
  YouTubePlayer: 028451f6772f372d4759866db99824c676ac1473

PODFILE CHECKSUM: f7863bc640ab825ca75cdb41d16d3adbd186b986

COCOAPODS: 1.6.1
